
Microsoft Visual Studio Solution File, Format Version 12.00
# Visual Studio Version 17
VisualStudioVersion = 17.7.34009.444
MinimumVisualStudioVersion = 10.0.40219.1
Project("{FAE04EC0-301F-11D3-BF4B-00C04F79EFBC}") = "cadastro", "cadastro\cadastro.csproj", "{FECB8C4C-186E-4171-818A-5BFCD4C67895}"
EndProject
Global
	GlobalSection(SolutionConfigurationPlatforms) = preSolution
		Debug|Any CPU = Debug|Any CPU
		Release|Any CPU = Release|Any CPU
	EndGlobalSection
	GlobalSection(ProjectConfigurationPlatforms) = postSolution
		{FECB8C4C-186E-4171-818A-5BFCD4C67895}.Debug|Any CPU.ActiveCfg = Debug|Any CPU
		{FECB8C4C-186E-4171-818A-5BFCD4C67895}.Debug|Any CPU.Build.0 = Debug|Any CPU
		{FECB8C4C-186E-4171-818A-5BFCD4C67895}.Release|Any CPU.ActiveCfg = Release|Any CPU
		{FECB8C4C-186E-4171-818A-5BFCD4C67895}.Release|Any CPU.Build.0 = Release|Any CPU
	EndGlobalSection
	GlobalSection(SolutionProperties) = preSolution
		HideSolutionNode = FALSE
	EndGlobalSection
	GlobalSection(ExtensibilityGlobals) = postSolution
		SolutionGuid = {D304D6F3-831B-4CE6-9EDF-EA63B04E67C6}
	EndGlobalSection
EndGlobal
